// !$*UTF8*$!
{
	archiveVersion = 1;
	classes = {
	};
	objectVersion = 51;
	objects = {

/* Begin PBXBuildFile section */
		31B9458621EE8F3C008005F2 /* RangedDeviceTableViewCell.swift in Sources */ = {isa = PBXBuildFile; fileRef = 31B9457521EE8F3C008005F2 /* RangedDeviceTableViewCell.swift */; };
		31B9458721EE8F3C008005F2 /* InfoServicePanelView.xib in Resources */ = {isa = PBXBuildFile; fileRef = 31B9457721EE8F3C008005F2 /* InfoServicePanelView.xib */; };
		31B9458821EE8F3C008005F2 /* InfoServicePanelView.swift in Sources */ = {isa = PBXBuildFile; fileRef = 31B9457821EE8F3C008005F2 /* InfoServicePanelView.swift */; };
		31B9458921EE8F3C008005F2 /* GenericServiceCharacteristicView.swift in Sources */ = {isa = PBXBuildFile; fileRef = 31B9457921EE8F3C008005F2 /* GenericServiceCharacteristicView.swift */; };
		31B9458A21EE8F3C008005F2 /* RangedDevicesManager.swift in Sources */ = {isa = PBXBuildFile; fileRef = 31B9457B21EE8F3C008005F2 /* RangedDevicesManager.swift */; };
		31B9458B21EE8F3C008005F2 /* CommonButton.swift in Sources */ = {isa = PBXBuildFile; fileRef = 31B9457D21EE8F3C008005F2 /* CommonButton.swift */; };
		31B9458C21EE8F3C008005F2 /* CharacteristicPropertyLabel.swift in Sources */ = {isa = PBXBuildFile; fileRef = 31B9457E21EE8F3C008005F2 /* CharacteristicPropertyLabel.swift */; };
		31B9458D21EE8F3C008005F2 /* TableSection.swift in Sources */ = {isa = PBXBuildFile; fileRef = 31B9457F21EE8F3C008005F2 /* TableSection.swift */; };
		31B9458E21EE8F3C008005F2 /* CommonLabel.swift in Sources */ = {isa = PBXBuildFile; fileRef = 31B9458021EE8F3C008005F2 /* CommonLabel.swift */; };
		31B9458F21EE8F3C008005F2 /* SmartScanStatus.swift in Sources */ = {isa = PBXBuildFile; fileRef = 31B9458121EE8F3C008005F2 /* SmartScanStatus.swift */; };
		31B9459021EE8F3C008005F2 /* ViewController.swift in Sources */ = {isa = PBXBuildFile; fileRef = 31B9458321EE8F3C008005F2 /* ViewController.swift */; };
		31B9459121EE8F3C008005F2 /* DeviceDetailViewController.swift in Sources */ = {isa = PBXBuildFile; fileRef = 31B9458421EE8F3C008005F2 /* DeviceDetailViewController.swift */; };
		31B9459221EE8F3C008005F2 /* OptionsViewController.swift in Sources */ = {isa = PBXBuildFile; fileRef = 31B9458521EE8F3C008005F2 /* OptionsViewController.swift */; };
		31D59E2821EE9479009282E5 /* LaunchScreen.xib in Resources */ = {isa = PBXBuildFile; fileRef = 31D59E2621EE9479009282E5 /* LaunchScreen.xib */; };
		31D6C86221EE8EBA002C84B0 /* AppDelegate.swift in Sources */ = {isa = PBXBuildFile; fileRef = 31D6C86121EE8EBA002C84B0 /* AppDelegate.swift */; };
		31D6C86721EE8EBA002C84B0 /* Main.storyboard in Resources */ = {isa = PBXBuildFile; fileRef = 31D6C86521EE8EBA002C84B0 /* Main.storyboard */; };
		31D6C86921EE8EBB002C84B0 /* Assets.xcassets in Resources */ = {isa = PBXBuildFile; fileRef = 31D6C86821EE8EBB002C84B0 /* Assets.xcassets */; };
		B6BDC94AA0A3D2270861A7C0 /* Pods_SampleiOS.framework in Frameworks */ = {isa = PBXBuildFile; fileRef = A4D4202279C43CEE9070C187 /* Pods_SampleiOS.framework */; };
/* End PBXBuildFile section */

/* Begin PBXFileReference section */
		11CA393630C61DC1879E5CD5 /* Pods-SampleiOS.release.xcconfig */ = {isa = PBXFileReference; includeInIndex = 1; lastKnownFileType = text.xcconfig; name = "Pods-SampleiOS.release.xcconfig"; path = "Pods/Target Support Files/Pods-SampleiOS/Pods-SampleiOS.release.xcconfig"; sourceTree = "<group>"; };
		31B9457521EE8F3C008005F2 /* RangedDeviceTableViewCell.swift */ = {isa = PBXFileReference; fileEncoding = 4; lastKnownFileType = sourcecode.swift; path = RangedDeviceTableViewCell.swift; sourceTree = "<group>"; };
		31B9457721EE8F3C008005F2 /* InfoServicePanelView.xib */ = {isa = PBXFileReference; fileEncoding = 4; lastKnownFileType = file.xib; path = InfoServicePanelView.xib; sourceTree = "<group>"; };
		31B9457821EE8F3C008005F2 /* InfoServicePanelView.swift */ = {isa = PBXFileReference; fileEncoding = 4; lastKnownFileType = sourcecode.swift; path = InfoServicePanelView.swift; sourceTree = "<group>"; };
		31B9457921EE8F3C008005F2 /* GenericServiceCharacteristicView.swift */ = {isa = PBXFileReference; fileEncoding = 4; lastKnownFileType = sourcecode.swift; path = GenericServiceCharacteristicView.swift; sourceTree = "<group>"; };
		31B9457B21EE8F3C008005F2 /* RangedDevicesManager.swift */ = {isa = PBXFileReference; fileEncoding = 4; lastKnownFileType = sourcecode.swift; path = RangedDevicesManager.swift; sourceTree = "<group>"; };
		31B9457D21EE8F3C008005F2 /* CommonButton.swift */ = {isa = PBXFileReference; fileEncoding = 4; lastKnownFileType = sourcecode.swift; path = CommonButton.swift; sourceTree = "<group>"; };
		31B9457E21EE8F3C008005F2 /* CharacteristicPropertyLabel.swift */ = {isa = PBXFileReference; fileEncoding = 4; lastKnownFileType = sourcecode.swift; path = CharacteristicPropertyLabel.swift; sourceTree = "<group>"; };
		31B9457F21EE8F3C008005F2 /* TableSection.swift */ = {isa = PBXFileReference; fileEncoding = 4; lastKnownFileType = sourcecode.swift; path = TableSection.swift; sourceTree = "<group>"; };
		31B9458021EE8F3C008005F2 /* CommonLabel.swift */ = {isa = PBXFileReference; fileEncoding = 4; lastKnownFileType = sourcecode.swift; path = CommonLabel.swift; sourceTree = "<group>"; };
		31B9458121EE8F3C008005F2 /* SmartScanStatus.swift */ = {isa = PBXFileReference; fileEncoding = 4; lastKnownFileType = sourcecode.swift; path = SmartScanStatus.swift; sourceTree = "<group>"; };
		31B9458321EE8F3C008005F2 /* ViewController.swift */ = {isa = PBXFileReference; fileEncoding = 4; lastKnownFileType = sourcecode.swift; path = ViewController.swift; sourceTree = "<group>"; };
		31B9458421EE8F3C008005F2 /* DeviceDetailViewController.swift */ = {isa = PBXFileReference; fileEncoding = 4; lastKnownFileType = sourcecode.swift; path = DeviceDetailViewController.swift; sourceTree = "<group>"; };
		31B9458521EE8F3C008005F2 /* OptionsViewController.swift */ = {isa = PBXFileReference; fileEncoding = 4; lastKnownFileType = sourcecode.swift; path = OptionsViewController.swift; sourceTree = "<group>"; };
		31D59E2721EE9479009282E5 /* Base */ = {isa = PBXFileReference; lastKnownFileType = file.xib; name = Base; path = Base.lproj/LaunchScreen.xib; sourceTree = "<group>"; };
		31D6C85E21EE8EBA002C84B0 /* SampleiOS.app */ = {isa = PBXFileReference; explicitFileType = wrapper.application; includeInIndex = 0; path = SampleiOS.app; sourceTree = BUILT_PRODUCTS_DIR; };
		31D6C86121EE8EBA002C84B0 /* AppDelegate.swift */ = {isa = PBXFileReference; lastKnownFileType = sourcecode.swift; path = AppDelegate.swift; sourceTree = "<group>"; };
		31D6C86621EE8EBA002C84B0 /* Base */ = {isa = PBXFileReference; lastKnownFileType = file.storyboard; name = Base; path = Base.lproj/Main.storyboard; sourceTree = "<group>"; };
		31D6C86821EE8EBB002C84B0 /* Assets.xcassets */ = {isa = PBXFileReference; lastKnownFileType = folder.assetcatalog; path = Assets.xcassets; sourceTree = "<group>"; };
		31D6C86D21EE8EBB002C84B0 /* Info.plist */ = {isa = PBXFileReference; lastKnownFileType = text.plist.xml; path = Info.plist; sourceTree = "<group>"; };
		A4D4202279C43CEE9070C187 /* Pods_SampleiOS.framework */ = {isa = PBXFileReference; explicitFileType = wrapper.framework; includeInIndex = 0; path = Pods_SampleiOS.framework; sourceTree = BUILT_PRODUCTS_DIR; };
		DA9694E3C9485492B7C9C362 /* Pods-SampleiOS.debug.xcconfig */ = {isa = PBXFileReference; includeInIndex = 1; lastKnownFileType = text.xcconfig; name = "Pods-SampleiOS.debug.xcconfig"; path = "Pods/Target Support Files/Pods-SampleiOS/Pods-SampleiOS.debug.xcconfig"; sourceTree = "<group>"; };
/* End PBXFileReference section */

/* Begin PBXFrameworksBuildPhase section */
		31D6C85B21EE8EBA002C84B0 /* Frameworks */ = {
			isa = PBXFrameworksBuildPhase;
			buildActionMask = 2147483647;
			files = (
				B6BDC94AA0A3D2270861A7C0 /* Pods_SampleiOS.framework in Frameworks */,
			);
			runOnlyForDeploymentPostprocessing = 0;
		};
/* End PBXFrameworksBuildPhase section */

/* Begin PBXGroup section */
		29677D4A6B3901EFC8FD1379 /* Frameworks */ = {
			isa = PBXGroup;
			children = (
				A4D4202279C43CEE9070C187 /* Pods_SampleiOS.framework */,
			);
			name = Frameworks;
			sourceTree = "<group>";
		};
		31B9457321EE8F3C008005F2 /* Views */ = {
			isa = PBXGroup;
			children = (
				31B9457421EE8F3C008005F2 /* Cells */,
				31B9457621EE8F3C008005F2 /* Panels */,
				31B9457A21EE8F3C008005F2 /* Manager */,
				31B9457C21EE8F3C008005F2 /* Components */,
				31B9458221EE8F3C008005F2 /* Controllers */,
			);
			path = Views;
			sourceTree = "<group>";
		};
		31B9457421EE8F3C008005F2 /* Cells */ = {
			isa = PBXGroup;
			children = (
				31B9457521EE8F3C008005F2 /* RangedDeviceTableViewCell.swift */,
			);
			path = Cells;
			sourceTree = "<group>";
		};
		31B9457621EE8F3C008005F2 /* Panels */ = {
			isa = PBXGroup;
			children = (
				31B9457721EE8F3C008005F2 /* InfoServicePanelView.xib */,
				31B9457821EE8F3C008005F2 /* InfoServicePanelView.swift */,
				31B9457921EE8F3C008005F2 /* GenericServiceCharacteristicView.swift */,
			);
			path = Panels;
			sourceTree = "<group>";
		};
		31B9457A21EE8F3C008005F2 /* Manager */ = {
			isa = PBXGroup;
			children = (
				31B9457B21EE8F3C008005F2 /* RangedDevicesManager.swift */,
			);
			path = Manager;
			sourceTree = "<group>";
		};
		31B9457C21EE8F3C008005F2 /* Components */ = {
			isa = PBXGroup;
			children = (
				31B9457D21EE8F3C008005F2 /* CommonButton.swift */,
				31B9457E21EE8F3C008005F2 /* CharacteristicPropertyLabel.swift */,
				31B9457F21EE8F3C008005F2 /* TableSection.swift */,
				31B9458021EE8F3C008005F2 /* CommonLabel.swift */,
				31B9458121EE8F3C008005F2 /* SmartScanStatus.swift */,
			);
			path = Components;
			sourceTree = "<group>";
		};
		31B9458221EE8F3C008005F2 /* Controllers */ = {
			isa = PBXGroup;
			children = (
				31B9458321EE8F3C008005F2 /* ViewController.swift */,
				31B9458421EE8F3C008005F2 /* DeviceDetailViewController.swift */,
				31B9458521EE8F3C008005F2 /* OptionsViewController.swift */,
			);
			path = Controllers;
			sourceTree = "<group>";
		};
		31D6C85521EE8EBA002C84B0 = {
			isa = PBXGroup;
			children = (
				31D6C86021EE8EBA002C84B0 /* SampleiOS */,
				31D6C85F21EE8EBA002C84B0 /* Products */,
				F8F7F7E258A7D6FDA2027386 /* Pods */,
				29677D4A6B3901EFC8FD1379 /* Frameworks */,
			);
			sourceTree = "<group>";
		};
		31D6C85F21EE8EBA002C84B0 /* Products */ = {
			isa = PBXGroup;
			children = (
				31D6C85E21EE8EBA002C84B0 /* SampleiOS.app */,
			);
			name = Products;
			sourceTree = "<group>";
		};
		31D6C86021EE8EBA002C84B0 /* SampleiOS */ = {
			isa = PBXGroup;
			children = (
				31B9457321EE8F3C008005F2 /* Views */,
				31D6C86121EE8EBA002C84B0 /* AppDelegate.swift */,
				31D6C86521EE8EBA002C84B0 /* Main.storyboard */,
				31D59E2621EE9479009282E5 /* LaunchScreen.xib */,
				31D6C86821EE8EBB002C84B0 /* Assets.xcassets */,
				31D6C86D21EE8EBB002C84B0 /* Info.plist */,
			);
			path = SampleiOS;
			sourceTree = "<group>";
		};
		F8F7F7E258A7D6FDA2027386 /* Pods */ = {
			isa = PBXGroup;
			children = (
				DA9694E3C9485492B7C9C362 /* Pods-SampleiOS.debug.xcconfig */,
				11CA393630C61DC1879E5CD5 /* Pods-SampleiOS.release.xcconfig */,
			);
			name = Pods;
			sourceTree = "<group>";
		};
/* End PBXGroup section */

/* Begin PBXNativeTarget section */
		31D6C85D21EE8EBA002C84B0 /* SampleiOS */ = {
			isa = PBXNativeTarget;
			buildConfigurationList = 31D6C87021EE8EBB002C84B0 /* Build configuration list for PBXNativeTarget "SampleiOS" */;
			buildPhases = (
				CF9E7593BF2259C04374C577 /* [CP] Check Pods Manifest.lock */,
				31D6C85A21EE8EBA002C84B0 /* Sources */,
				31D6C85B21EE8EBA002C84B0 /* Frameworks */,
				31D6C85C21EE8EBA002C84B0 /* Resources */,
				DA860FB5E2A2E7ECEA14FE1A /* [CP] Embed Pods Frameworks */,
			);
			buildRules = (
			);
			dependencies = (
			);
			name = SampleiOS;
			productName = SampleiOS;
			productReference = 31D6C85E21EE8EBA002C84B0 /* SampleiOS.app */;
			productType = "com.apple.product-type.application";
		};
/* End PBXNativeTarget section */

/* Begin PBXProject section */
		31D6C85621EE8EBA002C84B0 /* Project object */ = {
			isa = PBXProject;
			attributes = {
				LastSwiftUpdateCheck = 1010;
				LastUpgradeCheck = 1010;
				ORGANIZATIONNAME = "XYO Network";
				TargetAttributes = {
					31D6C85D21EE8EBA002C84B0 = {
						CreatedOnToolsVersion = 10.1;
						LastSwiftMigration = 1030;
					};
				};
			};
			buildConfigurationList = 31D6C85921EE8EBA002C84B0 /* Build configuration list for PBXProject "SampleiOS" */;
			compatibilityVersion = "Xcode 9.3";
			developmentRegion = en;
			hasScannedForEncodings = 0;
			knownRegions = (
				en,
				Base,
			);
			mainGroup = 31D6C85521EE8EBA002C84B0;
			productRefGroup = 31D6C85F21EE8EBA002C84B0 /* Products */;
			projectDirPath = "";
			projectRoot = "";
			targets = (
				31D6C85D21EE8EBA002C84B0 /* SampleiOS */,
			);
		};
/* End PBXProject section */

/* Begin PBXResourcesBuildPhase section */
		31D6C85C21EE8EBA002C84B0 /* Resources */ = {
			isa = PBXResourcesBuildPhase;
			buildActionMask = 2147483647;
			files = (
				31D59E2821EE9479009282E5 /* LaunchScreen.xib in Resources */,
				31B9458721EE8F3C008005F2 /* InfoServicePanelView.xib in Resources */,
				31D6C86921EE8EBB002C84B0 /* Assets.xcassets in Resources */,
				31D6C86721EE8EBA002C84B0 /* Main.storyboard in Resources */,
			);
			runOnlyForDeploymentPostprocessing = 0;
		};
/* End PBXResourcesBuildPhase section */

/* Begin PBXShellScriptBuildPhase section */
		CF9E7593BF2259C04374C577 /* [CP] Check Pods Manifest.lock */ = {
			isa = PBXShellScriptBuildPhase;
			buildActionMask = 2147483647;
			files = (
			);
			inputFileListPaths = (
			);
			inputPaths = (
				"${PODS_PODFILE_DIR_PATH}/Podfile.lock",
				"${PODS_ROOT}/Manifest.lock",
			);
			name = "[CP] Check Pods Manifest.lock";
			outputFileListPaths = (
			);
			outputPaths = (
				"$(DERIVED_FILE_DIR)/Pods-SampleiOS-checkManifestLockResult.txt",
			);
			runOnlyForDeploymentPostprocessing = 0;
			shellPath = /bin/sh;
			shellScript = "diff \"${PODS_PODFILE_DIR_PATH}/Podfile.lock\" \"${PODS_ROOT}/Manifest.lock\" > /dev/null\nif [ $? != 0 ] ; then\n    # print error to STDERR\n    echo \"error: The sandbox is not in sync with the Podfile.lock. Run 'pod install' or update your CocoaPods installation.\" >&2\n    exit 1\nfi\n# This output is used by Xcode 'outputs' to avoid re-running this script phase.\necho \"SUCCESS\" > \"${SCRIPT_OUTPUT_FILE_0}\"\n";
			showEnvVarsInLog = 0;
		};
		DA860FB5E2A2E7ECEA14FE1A /* [CP] Embed Pods Frameworks */ = {
			isa = PBXShellScriptBuildPhase;
			buildActionMask = 2147483647;
			files = (
			);
			inputFileListPaths = (
				"${PODS_ROOT}/Target Support Files/Pods-SampleiOS/Pods-SampleiOS-frameworks-${CONFIGURATION}-input-files.xcfilelist",
			);
			name = "[CP] Embed Pods Frameworks";
			outputFileListPaths = (
				"${PODS_ROOT}/Target Support Files/Pods-SampleiOS/Pods-SampleiOS-frameworks-${CONFIGURATION}-output-files.xcfilelist",
			);
			runOnlyForDeploymentPostprocessing = 0;
			shellPath = /bin/sh;
			shellScript = "\"${PODS_ROOT}/Target Support Files/Pods-SampleiOS/Pods-SampleiOS-frameworks.sh\"\n";
			showEnvVarsInLog = 0;
		};
/* End PBXShellScriptBuildPhase section */

/* Begin PBXSourcesBuildPhase section */
		31D6C85A21EE8EBA002C84B0 /* Sources */ = {
			isa = PBXSourcesBuildPhase;
			buildActionMask = 2147483647;
			files = (
				31B9458F21EE8F3C008005F2 /* SmartScanStatus.swift in Sources */,
				31B9458821EE8F3C008005F2 /* InfoServicePanelView.swift in Sources */,
				31B9459121EE8F3C008005F2 /* DeviceDetailViewController.swift in Sources */,
				31B9458621EE8F3C008005F2 /* RangedDeviceTableViewCell.swift in Sources */,
				31B9458D21EE8F3C008005F2 /* TableSection.swift in Sources */,
				31B9459021EE8F3C008005F2 /* ViewController.swift in Sources */,
				31D6C86221EE8EBA002C84B0 /* AppDelegate.swift in Sources */,
				31B9458921EE8F3C008005F2 /* GenericServiceCharacteristicView.swift in Sources */,
				31B9459221EE8F3C008005F2 /* OptionsViewController.swift in Sources */,
				31B9458B21EE8F3C008005F2 /* CommonButton.swift in Sources */,
				31B9458A21EE8F3C008005F2 /* RangedDevicesManager.swift in Sources */,
				31B9458C21EE8F3C008005F2 /* CharacteristicPropertyLabel.swift in Sources */,
				31B9458E21EE8F3C008005F2 /* CommonLabel.swift in Sources */,
			);
			runOnlyForDeploymentPostprocessing = 0;
		};
/* End PBXSourcesBuildPhase section */

/* Begin PBXVariantGroup section */
		31D59E2621EE9479009282E5 /* LaunchScreen.xib */ = {
			isa = PBXVariantGroup;
			children = (
				31D59E2721EE9479009282E5 /* Base */,
			);
			name = LaunchScreen.xib;
			sourceTree = "<group>";
		};
		31D6C86521EE8EBA002C84B0 /* Main.storyboard */ = {
			isa = PBXVariantGroup;
			children = (
				31D6C86621EE8EBA002C84B0 /* Base */,
			);
			name = Main.storyboard;
			sourceTree = "<group>";
		};
/* End PBXVariantGroup section */

/* Begin XCBuildConfiguration section */
		31D6C86E21EE8EBB002C84B0 /* Debug */ = {
			isa = XCBuildConfiguration;
			buildSettings = {
				ALWAYS_SEARCH_USER_PATHS = NO;
				CLANG_ANALYZER_NONNULL = YES;
				CLANG_ANALYZER_NUMBER_OBJECT_CONVERSION = YES_AGGRESSIVE;
				CLANG_CXX_LANGUAGE_STANDARD = "gnu++14";
				CLANG_CXX_LIBRARY = "libc++";
				CLANG_ENABLE_MODULES = YES;
				CLANG_ENABLE_OBJC_ARC = YES;
				CLANG_ENABLE_OBJC_WEAK = YES;
				CLANG_WARN_BLOCK_CAPTURE_AUTORELEASING = YES;
				CLANG_WARN_BOOL_CONVERSION = YES;
				CLANG_WARN_COMMA = YES;
				CLANG_WARN_CONSTANT_CONVERSION = YES;
				CLANG_WARN_DEPRECATED_OBJC_IMPLEMENTATIONS = YES;
				CLANG_WARN_DIRECT_OBJC_ISA_USAGE = YES_ERROR;
				CLANG_WARN_DOCUMENTATION_COMMENTS = YES;
				CLANG_WARN_EMPTY_BODY = YES;
				CLANG_WARN_ENUM_CONVERSION = YES;
				CLANG_WARN_INFINITE_RECURSION = YES;
				CLANG_WARN_INT_CONVERSION = YES;
				CLANG_WARN_NON_LITERAL_NULL_CONVERSION = YES;
				CLANG_WARN_OBJC_IMPLICIT_RETAIN_SELF = YES;
				CLANG_WARN_OBJC_LITERAL_CONVERSION = YES;
				CLANG_WARN_OBJC_ROOT_CLASS = YES_ERROR;
				CLANG_WARN_RANGE_LOOP_ANALYSIS = YES;
				CLANG_WARN_STRICT_PROTOTYPES = YES;
				CLANG_WARN_SUSPICIOUS_MOVE = YES;
				CLANG_WARN_UNGUARDED_AVAILABILITY = YES_AGGRESSIVE;
				CLANG_WARN_UNREACHABLE_CODE = YES;
				CLANG_WARN__DUPLICATE_METHOD_MATCH = YES;
				CODE_SIGN_IDENTITY = "iPhone Developer";
				COPY_PHASE_STRIP = NO;
				DEBUG_INFORMATION_FORMAT = dwarf;
				ENABLE_STRICT_OBJC_MSGSEND = YES;
				ENABLE_TESTABILITY = YES;
				GCC_C_LANGUAGE_STANDARD = gnu11;
				GCC_DYNAMIC_NO_PIC = NO;
				GCC_NO_COMMON_BLOCKS = YES;
				GCC_OPTIMIZATION_LEVEL = 0;
				GCC_PREPROCESSOR_DEFINITIONS = (
					"DEBUG=1",
					"$(inherited)",
				);
				GCC_WARN_64_TO_32_BIT_CONVERSION = YES;
				GCC_WARN_ABOUT_RETURN_TYPE = YES_ERROR;
				GCC_WARN_UNDECLARED_SELECTOR = YES;
				GCC_WARN_UNINITIALIZED_AUTOS = YES_AGGRESSIVE;
				GCC_WARN_UNUSED_FUNCTION = YES;
				GCC_WARN_UNUSED_VARIABLE = YES;
				IPHONEOS_DEPLOYMENT_TARGET = 12.1;
				MTL_ENABLE_DEBUG_INFO = INCLUDE_SOURCE;
				MTL_FAST_MATH = YES;
				ONLY_ACTIVE_ARCH = YES;
				SDKROOT = iphoneos;
				SWIFT_ACTIVE_COMPILATION_CONDITIONS = DEBUG;
				SWIFT_OPTIMIZATION_LEVEL = "-Onone";
			};
			name = Debug;
		};
		31D6C86F21EE8EBB002C84B0 /* Release */ = {
			isa = XCBuildConfiguration;
			buildSettings = {
				ALWAYS_SEARCH_USER_PATHS = NO;
				CLANG_ANALYZER_NONNULL = YES;
				CLANG_ANALYZER_NUMBER_OBJECT_CONVERSION = YES_AGGRESSIVE;
				CLANG_CXX_LANGUAGE_STANDARD = "gnu++14";
				CLANG_CXX_LIBRARY = "libc++";
				CLANG_ENABLE_MODULES = YES;
				CLANG_ENABLE_OBJC_ARC = YES;
				CLANG_ENABLE_OBJC_WEAK = YES;
				CLANG_WARN_BLOCK_CAPTURE_AUTORELEASING = YES;
				CLANG_WARN_BOOL_CONVERSION = YES;
				CLANG_WARN_COMMA = YES;
				CLANG_WARN_CONSTANT_CONVERSION = YES;
				CLANG_WARN_DEPRECATED_OBJC_IMPLEMENTATIONS = YES;
				CLANG_WARN_DIRECT_OBJC_ISA_USAGE = YES_ERROR;
				CLANG_WARN_DOCUMENTATION_COMMENTS = YES;
				CLANG_WARN_EMPTY_BODY = YES;
				CLANG_WARN_ENUM_CONVERSION = YES;
				CLANG_WARN_INFINITE_RECURSION = YES;
				CLANG_WARN_INT_CONVERSION = YES;
				CLANG_WARN_NON_LITERAL_NULL_CONVERSION = YES;
				CLANG_WARN_OBJC_IMPLICIT_RETAIN_SELF = YES;
				CLANG_WARN_OBJC_LITERAL_CONVERSION = YES;
				CLANG_WARN_OBJC_ROOT_CLASS = YES_ERROR;
				CLANG_WARN_RANGE_LOOP_ANALYSIS = YES;
				CLANG_WARN_STRICT_PROTOTYPES = YES;
				CLANG_WARN_SUSPICIOUS_MOVE = YES;
				CLANG_WARN_UNGUARDED_AVAILABILITY = YES_AGGRESSIVE;
				CLANG_WARN_UNREACHABLE_CODE = YES;
				CLANG_WARN__DUPLICATE_METHOD_MATCH = YES;
				CODE_SIGN_IDENTITY = "iPhone Developer";
				COPY_PHASE_STRIP = NO;
				DEBUG_INFORMATION_FORMAT = "dwarf-with-dsym";
				ENABLE_NS_ASSERTIONS = NO;
				ENABLE_STRICT_OBJC_MSGSEND = YES;
				GCC_C_LANGUAGE_STANDARD = gnu11;
				GCC_NO_COMMON_BLOCKS = YES;
				GCC_WARN_64_TO_32_BIT_CONVERSION = YES;
				GCC_WARN_ABOUT_RETURN_TYPE = YES_ERROR;
				GCC_WARN_UNDECLARED_SELECTOR = YES;
				GCC_WARN_UNINITIALIZED_AUTOS = YES_AGGRESSIVE;
				GCC_WARN_UNUSED_FUNCTION = YES;
				GCC_WARN_UNUSED_VARIABLE = YES;
				IPHONEOS_DEPLOYMENT_TARGET = 12.1;
				MTL_ENABLE_DEBUG_INFO = NO;
				MTL_FAST_MATH = YES;
				SDKROOT = iphoneos;
				SWIFT_COMPILATION_MODE = wholemodule;
				SWIFT_OPTIMIZATION_LEVEL = "-O";
				VALIDATE_PRODUCT = YES;
			};
			name = Release;
		};
		31D6C87121EE8EBB002C84B0 /* Debug */ = {
			isa = XCBuildConfiguration;
			baseConfigurationReference = DA9694E3C9485492B7C9C362 /* Pods-SampleiOS.debug.xcconfig */;
			buildSettings = {
				ASSETCATALOG_COMPILER_APPICON_NAME = AppIcon;
				CODE_SIGN_IDENTITY = "iPhone Developer";
				CODE_SIGN_STYLE = Automatic;
				DEVELOPMENT_TEAM = HFUC9P67W4;
				INFOPLIST_FILE = SampleiOS/Info.plist;
				LD_RUNPATH_SEARCH_PATHS = (
					"$(inherited)",
					"@executable_path/Frameworks",
				);
				PRODUCT_BUNDLE_IDENTIFIER = com.webble.xy.SampleiOS;
				PRODUCT_NAME = "$(TARGET_NAME)";
				PROVISIONING_PROFILE_SPECIFIER = "";
				SWIFT_VERSION = 5.0;
				TARGETED_DEVICE_FAMILY = "1,2";
			};
			name = Debug;
		};
		31D6C87221EE8EBB002C84B0 /* Release */ = {
			isa = XCBuildConfiguration;
			baseConfigurationReference = 11CA393630C61DC1879E5CD5 /* Pods-SampleiOS.release.xcconfig */;
			buildSettings = {
				ASSETCATALOG_COMPILER_APPICON_NAME = AppIcon;
				CODE_SIGN_IDENTITY = "iPhone Developer";
				CODE_SIGN_STYLE = Automatic;
				DEVELOPMENT_TEAM = HFUC9P67W4;
				INFOPLIST_FILE = SampleiOS/Info.plist;
				LD_RUNPATH_SEARCH_PATHS = (
					"$(inherited)",
					"@executable_path/Frameworks",
				);
				PRODUCT_BUNDLE_IDENTIFIER = com.webble.xy.SampleiOS;
				PRODUCT_NAME = "$(TARGET_NAME)";
				PROVISIONING_PROFILE_SPECIFIER = "";
				SWIFT_VERSION = 5.0;
				TARGETED_DEVICE_FAMILY = "1,2";
			};
			name = Release;
		};
/* End XCBuildConfiguration section */

/* Begin XCConfigurationList section */
		31D6C85921EE8EBA002C84B0 /* Build configuration list for PBXProject "SampleiOS" */ = {
			isa = XCConfigurationList;
			buildConfigurations = (
				31D6C86E21EE8EBB002C84B0 /* Debug */,
				31D6C86F21EE8EBB002C84B0 /* Release */,
			);
			defaultConfigurationIsVisible = 0;
			defaultConfigurationName = Release;
		};
		31D6C87021EE8EBB002C84B0 /* Build configuration list for PBXNativeTarget "SampleiOS" */ = {
			isa = XCConfigurationList;
			buildConfigurations = (
				31D6C87121EE8EBB002C84B0 /* Debug */,
				31D6C87221EE8EBB002C84B0 /* Release */,
			);
			defaultConfigurationIsVisible = 0;
			defaultConfigurationName = Release;
		};
/* End XCConfigurationList section */
	};
	rootObject = 31D6C85621EE8EBA002C84B0 /* Project object */;
}
