PODS:
  - PromisesObjC (1.2.3)
  - PromisesSwift (1.2.3):
    - PromisesObjC (= 1.2.3)
  - XyBleSdk (0.1.0):
    - PromisesSwift (~> 1.2.3)

DEPENDENCIES:
  - XyBleSdk (from `../`)

SPEC REPOS:
  https://github.com/cocoapods/specs.git:
    - PromisesObjC
    - PromisesSwift

EXTERNAL SOURCES:
  XyBleSdk:
    :path: "../"

SPEC CHECKSUMS:
  PromisesObjC: a3a4263d8a9260214267e0b3788d0f83466ad449
  PromisesSwift: f7f45c21986419e85f7c5b645ed8c6a2c10c04b4
  XyBleSdk: 4c743ca67cbd5bdb32af1593cb98a92ffaff7f52

PODFILE CHECKSUM: e58ce20e076f437abc5205dbfe32dd217270fb0d

COCOAPODS: 1.6.0.beta.2
