{
  "object": {
    "pins": [
      {
        "package": "Promises",
        "repositoryURL": "https://github.com/google/promises.git",
        "state": {
          "branch": null,
          "revision": "afa9a1ace74e116848d4f743599ab83e584ff8cb",
          "version": "1.2.12"
        }
      },
      {
        "package": "XyBaseSdk",
        "repositoryURL": "https://github.com/XYOracleNetwork/sdk-base-swift.git",
        "state": {
          "branch": null,
          "revision": "e1160c7062bc5dddddde3eebc4bd2e6d6ec4342a",
          "version": "2.0.1"
        }
      }
    ]
  },
  "version": 1
}
