{
  "object": {
    "pins": [
      {
        "package": "Promises",
        "repositoryURL": "https://github.com/google/promises.git",
        "state": {
          "branch": null,
          "revision": "afa9a1ace74e116848d4f743599ab83e584ff8cb",
          "version": "1.2.12"
        }
      },
      {
        "package": "XyBaseSdk",
        "repositoryURL": "https://github.com/XYOracleNetwork/sdk-base-swift.git",
        "state": {
          "branch": null,
          "revision": "0a7013ea79f00648f3197e21dd78504a7f30b368",
          "version": "2.0.0"
        }
      }
    ]
  },
  "version": 1
}
