{
  "object": {
    "pins": [
      {
        "package": "Promises",
        "repositoryURL": "https://github.com/google/promises.git",
        "state": {
          "branch": null,
          "revision": "611337c330350c9c1823ad6d671e7f936af5ee13",
          "version": "2.0.0"
        }
      },
      {
        "package": "XyBaseSdk",
        "repositoryURL": "https://github.com/XYOracleNetwork/sdk-base-swift.git",
        "state": {
          "branch": null,
          "revision": "a0c64b5332d014b94779d41c3ef4771c6d8b393d",
          "version": "2.0.6"
        }
      }
    ]
  },
  "version": 1
}
