PODS:
  - PromisesObjC (1.2.3)
  - PromisesSwift (1.2.3):
    - PromisesObjC (= 1.2.3)

DEPENDENCIES:
  - PromisesSwift (~> 1.2.3)

SPEC REPOS:
  https://github.com/cocoapods/specs.git:
    - PromisesObjC
    - PromisesSwift

SPEC CHECKSUMS:
  PromisesObjC: a3a4263d8a9260214267e0b3788d0f83466ad449
  PromisesSwift: f7f45c21986419e85f7c5b645ed8c6a2c10c04b4

PODFILE CHECKSUM: 59cd95bec5c7efc56a5ba15aeb246f8329745d2a

COCOAPODS: 1.5.3
