PODS:
  - PromisesObjC (1.2.8)
  - PromisesSwift (1.2.8):
    - PromisesObjC (= 1.2.8)
  - XyBaseSdk (1.0.1):
    - PromisesSwift

DEPENDENCIES:
  - XyBaseSdk

SPEC REPOS:
  trunk:
    - PromisesObjC
    - PromisesSwift
    - XyBaseSdk

SPEC CHECKSUMS:
  PromisesObjC: c119f3cd559f50b7ae681fa59dc1acd19173b7e6
  PromisesSwift: 37bad6f4daddb02f7c9c531efe91e8b21c13ee2f
  XyBaseSdk: 679d4f8ddbfc70ec1ff8a4cbdccf5bf81a1894f2

PODFILE CHECKSUM: 6fb95eddc80450681cce2057451cd92468db5996

COCOAPODS: 1.9.0.beta.2
