PODS:
  - PromisesObjC (1.2.8)
  - PromisesSwift (1.2.8):
    - PromisesObjC (= 1.2.8)
  - XyBleSdk (3.0.8):
    - PromisesSwift

DEPENDENCIES:
  - XyBleSdk (from `../`)

SPEC REPOS:
  trunk:
    - PromisesObjC
    - PromisesSwift

EXTERNAL SOURCES:
  XyBleSdk:
    :path: "../"

SPEC CHECKSUMS:
  PromisesObjC: c119f3cd559f50b7ae681fa59dc1acd19173b7e6
  PromisesSwift: 37bad6f4daddb02f7c9c531efe91e8b21c13ee2f
  XyBleSdk: fe406e8bdae70fc9fc7012bf2bd9823e09ecc4e0

PODFILE CHECKSUM: 104c0252a97e5cf91ea89ad2a040c51d3d8e8ef6

COCOAPODS: 1.8.4
