// !$*UTF8*$!
{
	archiveVersion = 1;
	classes = {
	};
	objectVersion = 50;
	objects = {

/* Begin PBXBuildFile section */
		310B6CDA21531154007FADD2 /* ActionResultTableViewCell.swift in Sources */ = {isa = PBXBuildFile; fileRef = 310B6CD821531154007FADD2 /* ActionResultTableViewCell.swift */; };
		310B6CDB21531154007FADD2 /* ActionResultTableViewCell.xib in Resources */ = {isa = PBXBuildFile; fileRef = 310B6CD921531154007FADD2 /* ActionResultTableViewCell.xib */; };
		310B6CDD215316D6007FADD2 /* TxPowerService.swift in Sources */ = {isa = PBXBuildFile; fileRef = 310B6CDC215316D6007FADD2 /* TxPowerService.swift */; };
		310B6CDF2153177F007FADD2 /* GenericAccessService.swift in Sources */ = {isa = PBXBuildFile; fileRef = 310B6CDE2153177F007FADD2 /* GenericAccessService.swift */; };
		3111F6FD215309F8001D76C1 /* ActionResultViewController.swift in Sources */ = {isa = PBXBuildFile; fileRef = 3111F6FB215309F8001D76C1 /* ActionResultViewController.swift */; };
		3111F6FE215309F8001D76C1 /* ActionResultViewController.xib in Resources */ = {isa = PBXBuildFile; fileRef = 3111F6FC215309F8001D76C1 /* ActionResultViewController.xib */; };
		31177F822159AA2700F1494C /* XYBluetoothError.swift in Sources */ = {isa = PBXBuildFile; fileRef = 31177F812159AA2700F1494C /* XYBluetoothError.swift */; };
		311B7480214306E1009412FD /* XYLocation.swift in Sources */ = {isa = PBXBuildFile; fileRef = 311B747F214306E1009412FD /* XYLocation.swift */; };
		311B7483214318E2009412FD /* XYFinderDevice.swift in Sources */ = {isa = PBXBuildFile; fileRef = 311B7482214318E2009412FD /* XYFinderDevice.swift */; };
		311B748821431EA0009412FD /* XYConstants.swift in Sources */ = {isa = PBXBuildFile; fileRef = 311B748721431EA0009412FD /* XYConstants.swift */; };
		311B748A214321A9009412FD /* XY4BluetoothDevice.swift in Sources */ = {isa = PBXBuildFile; fileRef = 311B7489214321A9009412FD /* XY4BluetoothDevice.swift */; };
		311B748C21432388009412FD /* XYFinderDeviceFamily.swift in Sources */ = {isa = PBXBuildFile; fileRef = 311B748B21432388009412FD /* XYFinderDeviceFamily.swift */; };
		311B748E21432B3B009412FD /* XYIBeaconDefinition.swift in Sources */ = {isa = PBXBuildFile; fileRef = 311B748D21432B3B009412FD /* XYIBeaconDefinition.swift */; };
		311B74902143356E009412FD /* XYFinderDeviceFactory.swift in Sources */ = {isa = PBXBuildFile; fileRef = 311B748F2143356E009412FD /* XYFinderDeviceFactory.swift */; };
		311B749221434587009412FD /* Array+extensions.swift in Sources */ = {isa = PBXBuildFile; fileRef = 311B749121434587009412FD /* Array+extensions.swift */; };
		311B74952146F22A009412FD /* XYSmartScan.swift in Sources */ = {isa = PBXBuildFile; fileRef = 311B74942146F22A009412FD /* XYSmartScan.swift */; };
		311B749721472674009412FD /* XYBluetoothDevice.swift in Sources */ = {isa = PBXBuildFile; fileRef = 311B749621472674009412FD /* XYBluetoothDevice.swift */; };
		311B749A21474092009412FD /* XYLocationCoordinate2D.swift in Sources */ = {isa = PBXBuildFile; fileRef = 311B749921474092009412FD /* XYLocationCoordinate2D.swift */; };
		311B74A121498AC3009412FD /* GattClient.swift in Sources */ = {isa = PBXBuildFile; fileRef = 311B74A021498AC3009412FD /* GattClient.swift */; };
		31272E552141F8A8001F09A6 /* AppDelegate.swift in Sources */ = {isa = PBXBuildFile; fileRef = 31272E542141F8A8001F09A6 /* AppDelegate.swift */; };
		31272E572141F8A8001F09A6 /* ViewController.swift in Sources */ = {isa = PBXBuildFile; fileRef = 31272E562141F8A8001F09A6 /* ViewController.swift */; };
		31272E5A2141F8A8001F09A6 /* Main.storyboard in Resources */ = {isa = PBXBuildFile; fileRef = 31272E582141F8A8001F09A6 /* Main.storyboard */; };
		31272E5C2141F8AA001F09A6 /* Assets.xcassets in Resources */ = {isa = PBXBuildFile; fileRef = 31272E5B2141F8AA001F09A6 /* Assets.xcassets */; };
		31272E5F2141F8AA001F09A6 /* LaunchScreen.storyboard in Resources */ = {isa = PBXBuildFile; fileRef = 31272E5D2141F8AA001F09A6 /* LaunchScreen.storyboard */; };
		31272E6A2141F8AA001F09A6 /* XYSdkSampleTests.swift in Sources */ = {isa = PBXBuildFile; fileRef = 31272E692141F8AA001F09A6 /* XYSdkSampleTests.swift */; };
		312C55DB2149DAD30016F4F9 /* DeviceInformationService.swift in Sources */ = {isa = PBXBuildFile; fileRef = 312C55DA2149DAD30016F4F9 /* DeviceInformationService.swift */; };
		312C55DE214B2DDE0016F4F9 /* XYBluetoothResult.swift in Sources */ = {isa = PBXBuildFile; fileRef = 312C55DD214B2DDE0016F4F9 /* XYBluetoothResult.swift */; };
		312C55E0214C2F100016F4F9 /* BatteryService.swift in Sources */ = {isa = PBXBuildFile; fileRef = 312C55DF214C2F100016F4F9 /* BatteryService.swift */; };
		318BEB422142DE0C000580D1 /* Dispatch+extensions.swift in Sources */ = {isa = PBXBuildFile; fileRef = 318BEB412142DE0C000580D1 /* Dispatch+extensions.swift */; };
		318BEB452142EBF1000580D1 /* ServiceCharacteristic.swift in Sources */ = {isa = PBXBuildFile; fileRef = 318BEB442142EBF1000580D1 /* ServiceCharacteristic.swift */; };
		318BEB482142EED5000580D1 /* PrimaryService.swift in Sources */ = {isa = PBXBuildFile; fileRef = 318BEB472142EED5000580D1 /* PrimaryService.swift */; };
		319173612142008400A40B55 /* XYCentral.swift in Sources */ = {isa = PBXBuildFile; fileRef = 319173602142008400A40B55 /* XYCentral.swift */; };
		31BD926021558135007B0AD6 /* PromiseTester.swift in Sources */ = {isa = PBXBuildFile; fileRef = 31BD925F21558135007B0AD6 /* PromiseTester.swift */; };
		7EDDF6FE7994AFF7F68D295A /* Pods_XYSdkSample.framework in Frameworks */ = {isa = PBXBuildFile; fileRef = EB812B6E208626C2C91F7F55 /* Pods_XYSdkSample.framework */; };
/* End PBXBuildFile section */

/* Begin PBXContainerItemProxy section */
		31272E662141F8AA001F09A6 /* PBXContainerItemProxy */ = {
			isa = PBXContainerItemProxy;
			containerPortal = 31272E492141F8A8001F09A6 /* Project object */;
			proxyType = 1;
			remoteGlobalIDString = 31272E502141F8A8001F09A6;
			remoteInfo = XYSdkSample;
		};
/* End PBXContainerItemProxy section */

/* Begin PBXFileReference section */
		310B6CD821531154007FADD2 /* ActionResultTableViewCell.swift */ = {isa = PBXFileReference; lastKnownFileType = sourcecode.swift; path = ActionResultTableViewCell.swift; sourceTree = "<group>"; };
		310B6CD921531154007FADD2 /* ActionResultTableViewCell.xib */ = {isa = PBXFileReference; lastKnownFileType = file.xib; path = ActionResultTableViewCell.xib; sourceTree = "<group>"; };
		310B6CDC215316D6007FADD2 /* TxPowerService.swift */ = {isa = PBXFileReference; lastKnownFileType = sourcecode.swift; path = TxPowerService.swift; sourceTree = "<group>"; };
		310B6CDE2153177F007FADD2 /* GenericAccessService.swift */ = {isa = PBXFileReference; lastKnownFileType = sourcecode.swift; path = GenericAccessService.swift; sourceTree = "<group>"; };
		3111F6FB215309F8001D76C1 /* ActionResultViewController.swift */ = {isa = PBXFileReference; lastKnownFileType = sourcecode.swift; path = ActionResultViewController.swift; sourceTree = "<group>"; };
		3111F6FC215309F8001D76C1 /* ActionResultViewController.xib */ = {isa = PBXFileReference; lastKnownFileType = file.xib; path = ActionResultViewController.xib; sourceTree = "<group>"; };
		31177F812159AA2700F1494C /* XYBluetoothError.swift */ = {isa = PBXFileReference; lastKnownFileType = sourcecode.swift; path = XYBluetoothError.swift; sourceTree = "<group>"; };
		311B747F214306E1009412FD /* XYLocation.swift */ = {isa = PBXFileReference; lastKnownFileType = sourcecode.swift; path = XYLocation.swift; sourceTree = "<group>"; };
		311B7482214318E2009412FD /* XYFinderDevice.swift */ = {isa = PBXFileReference; lastKnownFileType = sourcecode.swift; path = XYFinderDevice.swift; sourceTree = "<group>"; };
		311B748721431EA0009412FD /* XYConstants.swift */ = {isa = PBXFileReference; lastKnownFileType = sourcecode.swift; path = XYConstants.swift; sourceTree = "<group>"; };
		311B7489214321A9009412FD /* XY4BluetoothDevice.swift */ = {isa = PBXFileReference; lastKnownFileType = sourcecode.swift; path = XY4BluetoothDevice.swift; sourceTree = "<group>"; };
		311B748B21432388009412FD /* XYFinderDeviceFamily.swift */ = {isa = PBXFileReference; lastKnownFileType = sourcecode.swift; path = XYFinderDeviceFamily.swift; sourceTree = "<group>"; };
		311B748D21432B3B009412FD /* XYIBeaconDefinition.swift */ = {isa = PBXFileReference; lastKnownFileType = sourcecode.swift; path = XYIBeaconDefinition.swift; sourceTree = "<group>"; };
		311B748F2143356E009412FD /* XYFinderDeviceFactory.swift */ = {isa = PBXFileReference; lastKnownFileType = sourcecode.swift; path = XYFinderDeviceFactory.swift; sourceTree = "<group>"; };
		311B749121434587009412FD /* Array+extensions.swift */ = {isa = PBXFileReference; lastKnownFileType = sourcecode.swift; path = "Array+extensions.swift"; sourceTree = "<group>"; };
		311B74942146F22A009412FD /* XYSmartScan.swift */ = {isa = PBXFileReference; lastKnownFileType = sourcecode.swift; path = XYSmartScan.swift; sourceTree = "<group>"; };
		311B749621472674009412FD /* XYBluetoothDevice.swift */ = {isa = PBXFileReference; lastKnownFileType = sourcecode.swift; path = XYBluetoothDevice.swift; sourceTree = "<group>"; };
		311B749921474092009412FD /* XYLocationCoordinate2D.swift */ = {isa = PBXFileReference; lastKnownFileType = sourcecode.swift; path = XYLocationCoordinate2D.swift; sourceTree = "<group>"; };
		311B74A021498AC3009412FD /* GattClient.swift */ = {isa = PBXFileReference; lastKnownFileType = sourcecode.swift; path = GattClient.swift; sourceTree = "<group>"; };
		31272E512141F8A8001F09A6 /* XYSdkSample.app */ = {isa = PBXFileReference; explicitFileType = wrapper.application; includeInIndex = 0; path = XYSdkSample.app; sourceTree = BUILT_PRODUCTS_DIR; };
		31272E542141F8A8001F09A6 /* AppDelegate.swift */ = {isa = PBXFileReference; lastKnownFileType = sourcecode.swift; path = AppDelegate.swift; sourceTree = "<group>"; };
		31272E562141F8A8001F09A6 /* ViewController.swift */ = {isa = PBXFileReference; lastKnownFileType = sourcecode.swift; path = ViewController.swift; sourceTree = "<group>"; };
		31272E592141F8A8001F09A6 /* Base */ = {isa = PBXFileReference; lastKnownFileType = file.storyboard; name = Base; path = Base.lproj/Main.storyboard; sourceTree = "<group>"; };
		31272E5B2141F8AA001F09A6 /* Assets.xcassets */ = {isa = PBXFileReference; lastKnownFileType = folder.assetcatalog; path = Assets.xcassets; sourceTree = "<group>"; };
		31272E5E2141F8AA001F09A6 /* Base */ = {isa = PBXFileReference; lastKnownFileType = file.storyboard; name = Base; path = Base.lproj/LaunchScreen.storyboard; sourceTree = "<group>"; };
		31272E602141F8AA001F09A6 /* Info.plist */ = {isa = PBXFileReference; lastKnownFileType = text.plist.xml; path = Info.plist; sourceTree = "<group>"; };
		31272E652141F8AA001F09A6 /* XYSdkSampleTests.xctest */ = {isa = PBXFileReference; explicitFileType = wrapper.cfbundle; includeInIndex = 0; path = XYSdkSampleTests.xctest; sourceTree = BUILT_PRODUCTS_DIR; };
		31272E692141F8AA001F09A6 /* XYSdkSampleTests.swift */ = {isa = PBXFileReference; lastKnownFileType = sourcecode.swift; path = XYSdkSampleTests.swift; sourceTree = "<group>"; };
		31272E6B2141F8AA001F09A6 /* Info.plist */ = {isa = PBXFileReference; lastKnownFileType = text.plist.xml; path = Info.plist; sourceTree = "<group>"; };
		312C55DA2149DAD30016F4F9 /* DeviceInformationService.swift */ = {isa = PBXFileReference; lastKnownFileType = sourcecode.swift; path = DeviceInformationService.swift; sourceTree = "<group>"; };
		312C55DD214B2DDE0016F4F9 /* XYBluetoothResult.swift */ = {isa = PBXFileReference; lastKnownFileType = sourcecode.swift; path = XYBluetoothResult.swift; sourceTree = "<group>"; };
		312C55DF214C2F100016F4F9 /* BatteryService.swift */ = {isa = PBXFileReference; lastKnownFileType = sourcecode.swift; path = BatteryService.swift; sourceTree = "<group>"; };
		318BEB412142DE0C000580D1 /* Dispatch+extensions.swift */ = {isa = PBXFileReference; lastKnownFileType = sourcecode.swift; path = "Dispatch+extensions.swift"; sourceTree = "<group>"; };
		318BEB442142EBF1000580D1 /* ServiceCharacteristic.swift */ = {isa = PBXFileReference; lastKnownFileType = sourcecode.swift; path = ServiceCharacteristic.swift; sourceTree = "<group>"; };
		318BEB472142EED5000580D1 /* PrimaryService.swift */ = {isa = PBXFileReference; lastKnownFileType = sourcecode.swift; path = PrimaryService.swift; sourceTree = "<group>"; };
		319173602142008400A40B55 /* XYCentral.swift */ = {isa = PBXFileReference; lastKnownFileType = sourcecode.swift; path = XYCentral.swift; sourceTree = "<group>"; };
		31BD925F21558135007B0AD6 /* PromiseTester.swift */ = {isa = PBXFileReference; lastKnownFileType = sourcecode.swift; path = PromiseTester.swift; sourceTree = "<group>"; };
		4FBD8C70A696311253DC8D50 /* Pods-XYSdkSample.release.xcconfig */ = {isa = PBXFileReference; includeInIndex = 1; lastKnownFileType = text.xcconfig; name = "Pods-XYSdkSample.release.xcconfig"; path = "Pods/Target Support Files/Pods-XYSdkSample/Pods-XYSdkSample.release.xcconfig"; sourceTree = "<group>"; };
		EB812B6E208626C2C91F7F55 /* Pods_XYSdkSample.framework */ = {isa = PBXFileReference; explicitFileType = wrapper.framework; includeInIndex = 0; path = Pods_XYSdkSample.framework; sourceTree = BUILT_PRODUCTS_DIR; };
		EE85D9400B87C03EE41A560B /* Pods-XYSdkSample.debug.xcconfig */ = {isa = PBXFileReference; includeInIndex = 1; lastKnownFileType = text.xcconfig; name = "Pods-XYSdkSample.debug.xcconfig"; path = "Pods/Target Support Files/Pods-XYSdkSample/Pods-XYSdkSample.debug.xcconfig"; sourceTree = "<group>"; };
/* End PBXFileReference section */

/* Begin PBXFrameworksBuildPhase section */
		31272E4E2141F8A8001F09A6 /* Frameworks */ = {
			isa = PBXFrameworksBuildPhase;
			buildActionMask = 2147483647;
			files = (
				7EDDF6FE7994AFF7F68D295A /* Pods_XYSdkSample.framework in Frameworks */,
			);
			runOnlyForDeploymentPostprocessing = 0;
		};
		31272E622141F8AA001F09A6 /* Frameworks */ = {
			isa = PBXFrameworksBuildPhase;
			buildActionMask = 2147483647;
			files = (
			);
			runOnlyForDeploymentPostprocessing = 0;
		};
/* End PBXFrameworksBuildPhase section */

/* Begin PBXGroup section */
		311B7481214318D3009412FD /* Devices */ = {
			isa = PBXGroup;
			children = (
				311B749821473D0B009412FD /* Base */,
				311B7489214321A9009412FD /* XY4BluetoothDevice.swift */,
				311B748B21432388009412FD /* XYFinderDeviceFamily.swift */,
				311B748D21432B3B009412FD /* XYIBeaconDefinition.swift */,
				311B748F2143356E009412FD /* XYFinderDeviceFactory.swift */,
			);
			path = Devices;
			sourceTree = "<group>";
		};
		311B748621431DC7009412FD /* Constants */ = {
			isa = PBXGroup;
			children = (
				311B748721431EA0009412FD /* XYConstants.swift */,
			);
			path = Constants;
			sourceTree = "<group>";
		};
		311B749821473D0B009412FD /* Base */ = {
			isa = PBXGroup;
			children = (
				311B749621472674009412FD /* XYBluetoothDevice.swift */,
				311B7482214318E2009412FD /* XYFinderDevice.swift */,
				312C55DD214B2DDE0016F4F9 /* XYBluetoothResult.swift */,
				31177F812159AA2700F1494C /* XYBluetoothError.swift */,
			);
			path = Base;
			sourceTree = "<group>";
		};
		311B749B214740A0009412FD /* Models */ = {
			isa = PBXGroup;
			children = (
				311B749921474092009412FD /* XYLocationCoordinate2D.swift */,
			);
			path = Models;
			sourceTree = "<group>";
		};
		31272E482141F8A8001F09A6 = {
			isa = PBXGroup;
			children = (
				31272E532141F8A8001F09A6 /* XYSdkSample */,
				31272E682141F8AA001F09A6 /* XYSdkSampleTests */,
				31272E522141F8A8001F09A6 /* Products */,
				DA73501E722FB18C8E863B9A /* Pods */,
				5E64876F61E30CE17CA978EF /* Frameworks */,
			);
			sourceTree = "<group>";
		};
		31272E522141F8A8001F09A6 /* Products */ = {
			isa = PBXGroup;
			children = (
				31272E512141F8A8001F09A6 /* XYSdkSample.app */,
				31272E652141F8AA001F09A6 /* XYSdkSampleTests.xctest */,
			);
			name = Products;
			sourceTree = "<group>";
		};
		31272E532141F8A8001F09A6 /* XYSdkSample */ = {
			isa = PBXGroup;
			children = (
				318BEB3F2142DB4A000580D1 /* Api */,
				31272E542141F8A8001F09A6 /* AppDelegate.swift */,
				31272E562141F8A8001F09A6 /* ViewController.swift */,
				31272E582141F8A8001F09A6 /* Main.storyboard */,
				31272E5B2141F8AA001F09A6 /* Assets.xcassets */,
				31272E5D2141F8AA001F09A6 /* LaunchScreen.storyboard */,
				31272E602141F8AA001F09A6 /* Info.plist */,
				3111F6FB215309F8001D76C1 /* ActionResultViewController.swift */,
				3111F6FC215309F8001D76C1 /* ActionResultViewController.xib */,
				310B6CD821531154007FADD2 /* ActionResultTableViewCell.swift */,
				310B6CD921531154007FADD2 /* ActionResultTableViewCell.xib */,
				31BD925F21558135007B0AD6 /* PromiseTester.swift */,
			);
			path = XYSdkSample;
			sourceTree = "<group>";
		};
		31272E682141F8AA001F09A6 /* XYSdkSampleTests */ = {
			isa = PBXGroup;
			children = (
				31272E692141F8AA001F09A6 /* XYSdkSampleTests.swift */,
				31272E6B2141F8AA001F09A6 /* Info.plist */,
			);
			path = XYSdkSampleTests;
			sourceTree = "<group>";
		};
		312C55D92149DAC40016F4F9 /* Standard */ = {
			isa = PBXGroup;
			children = (
				312C55DA2149DAD30016F4F9 /* DeviceInformationService.swift */,
				312C55DF214C2F100016F4F9 /* BatteryService.swift */,
				310B6CDC215316D6007FADD2 /* TxPowerService.swift */,
				310B6CDE2153177F007FADD2 /* GenericAccessService.swift */,
			);
			path = Standard;
			sourceTree = "<group>";
		};
		318BEB3F2142DB4A000580D1 /* Api */ = {
			isa = PBXGroup;
			children = (
				311B749B214740A0009412FD /* Models */,
				311B748621431DC7009412FD /* Constants */,
				311B7481214318D3009412FD /* Devices */,
				318BEB432142EB5F000580D1 /* Gatt */,
				318BEB402142DDF1000580D1 /* Extensions */,
				319173602142008400A40B55 /* XYCentral.swift */,
				311B747F214306E1009412FD /* XYLocation.swift */,
				311B74942146F22A009412FD /* XYSmartScan.swift */,
			);
			path = Api;
			sourceTree = "<group>";
		};
		318BEB402142DDF1000580D1 /* Extensions */ = {
			isa = PBXGroup;
			children = (
				318BEB412142DE0C000580D1 /* Dispatch+extensions.swift */,
				311B749121434587009412FD /* Array+extensions.swift */,
			);
			path = Extensions;
			sourceTree = "<group>";
		};
		318BEB432142EB5F000580D1 /* Gatt */ = {
			isa = PBXGroup;
			children = (
				312C55D92149DAC40016F4F9 /* Standard */,
				318BEB462142EEBC000580D1 /* xy4 */,
				318BEB442142EBF1000580D1 /* ServiceCharacteristic.swift */,
				311B74A021498AC3009412FD /* GattClient.swift */,
			);
			path = Gatt;
			sourceTree = "<group>";
		};
		318BEB462142EEBC000580D1 /* xy4 */ = {
			isa = PBXGroup;
			children = (
				318BEB472142EED5000580D1 /* PrimaryService.swift */,
			);
			path = xy4;
			sourceTree = "<group>";
		};
		5E64876F61E30CE17CA978EF /* Frameworks */ = {
			isa = PBXGroup;
			children = (
				EB812B6E208626C2C91F7F55 /* Pods_XYSdkSample.framework */,
			);
			name = Frameworks;
			sourceTree = "<group>";
		};
		DA73501E722FB18C8E863B9A /* Pods */ = {
			isa = PBXGroup;
			children = (
				EE85D9400B87C03EE41A560B /* Pods-XYSdkSample.debug.xcconfig */,
				4FBD8C70A696311253DC8D50 /* Pods-XYSdkSample.release.xcconfig */,
			);
			name = Pods;
			sourceTree = "<group>";
		};
/* End PBXGroup section */

/* Begin PBXNativeTarget section */
		31272E502141F8A8001F09A6 /* XYSdkSample */ = {
			isa = PBXNativeTarget;
			buildConfigurationList = 31272E6E2141F8AA001F09A6 /* Build configuration list for PBXNativeTarget "XYSdkSample" */;
			buildPhases = (
				673DEDBFBDC277361B4041B9 /* [CP] Check Pods Manifest.lock */,
				31272E4D2141F8A8001F09A6 /* Sources */,
				31272E4E2141F8A8001F09A6 /* Frameworks */,
				31272E4F2141F8A8001F09A6 /* Resources */,
				DC0466F7EF5EEC01C5B2C11E /* [CP] Embed Pods Frameworks */,
			);
			buildRules = (
			);
			dependencies = (
			);
			name = XYSdkSample;
			productName = XYSdkSample;
			productReference = 31272E512141F8A8001F09A6 /* XYSdkSample.app */;
			productType = "com.apple.product-type.application";
		};
		31272E642141F8AA001F09A6 /* XYSdkSampleTests */ = {
			isa = PBXNativeTarget;
			buildConfigurationList = 31272E712141F8AA001F09A6 /* Build configuration list for PBXNativeTarget "XYSdkSampleTests" */;
			buildPhases = (
				31272E612141F8AA001F09A6 /* Sources */,
				31272E622141F8AA001F09A6 /* Frameworks */,
				31272E632141F8AA001F09A6 /* Resources */,
			);
			buildRules = (
			);
			dependencies = (
				31272E672141F8AA001F09A6 /* PBXTargetDependency */,
			);
			name = XYSdkSampleTests;
			productName = XYSdkSampleTests;
			productReference = 31272E652141F8AA001F09A6 /* XYSdkSampleTests.xctest */;
			productType = "com.apple.product-type.bundle.unit-test";
		};
/* End PBXNativeTarget section */

/* Begin PBXProject section */
		31272E492141F8A8001F09A6 /* Project object */ = {
			isa = PBXProject;
			attributes = {
				LastSwiftUpdateCheck = 0940;
				LastUpgradeCheck = 0940;
				ORGANIZATIONNAME = "Darren Sutherland";
				TargetAttributes = {
					31272E502141F8A8001F09A6 = {
						CreatedOnToolsVersion = 9.4.1;
						SystemCapabilities = {
							com.apple.BackgroundModes = {
								enabled = 1;
							};
						};
					};
					31272E642141F8AA001F09A6 = {
						CreatedOnToolsVersion = 9.4.1;
						TestTargetID = 31272E502141F8A8001F09A6;
					};
				};
			};
			buildConfigurationList = 31272E4C2141F8A8001F09A6 /* Build configuration list for PBXProject "XYSdkSample" */;
			compatibilityVersion = "Xcode 9.3";
			developmentRegion = en;
			hasScannedForEncodings = 0;
			knownRegions = (
				en,
				Base,
			);
			mainGroup = 31272E482141F8A8001F09A6;
			productRefGroup = 31272E522141F8A8001F09A6 /* Products */;
			projectDirPath = "";
			projectRoot = "";
			targets = (
				31272E502141F8A8001F09A6 /* XYSdkSample */,
				31272E642141F8AA001F09A6 /* XYSdkSampleTests */,
			);
		};
/* End PBXProject section */

/* Begin PBXResourcesBuildPhase section */
		31272E4F2141F8A8001F09A6 /* Resources */ = {
			isa = PBXResourcesBuildPhase;
			buildActionMask = 2147483647;
			files = (
				31272E5F2141F8AA001F09A6 /* LaunchScreen.storyboard in Resources */,
				310B6CDB21531154007FADD2 /* ActionResultTableViewCell.xib in Resources */,
				31272E5C2141F8AA001F09A6 /* Assets.xcassets in Resources */,
				31272E5A2141F8A8001F09A6 /* Main.storyboard in Resources */,
				3111F6FE215309F8001D76C1 /* ActionResultViewController.xib in Resources */,
			);
			runOnlyForDeploymentPostprocessing = 0;
		};
		31272E632141F8AA001F09A6 /* Resources */ = {
			isa = PBXResourcesBuildPhase;
			buildActionMask = 2147483647;
			files = (
			);
			runOnlyForDeploymentPostprocessing = 0;
		};
/* End PBXResourcesBuildPhase section */

/* Begin PBXShellScriptBuildPhase section */
		673DEDBFBDC277361B4041B9 /* [CP] Check Pods Manifest.lock */ = {
			isa = PBXShellScriptBuildPhase;
			buildActionMask = 2147483647;
			files = (
			);
			inputPaths = (
				"${PODS_PODFILE_DIR_PATH}/Podfile.lock",
				"${PODS_ROOT}/Manifest.lock",
			);
			name = "[CP] Check Pods Manifest.lock";
			outputPaths = (
				"$(DERIVED_FILE_DIR)/Pods-XYSdkSample-checkManifestLockResult.txt",
			);
			runOnlyForDeploymentPostprocessing = 0;
			shellPath = /bin/sh;
			shellScript = "diff \"${PODS_PODFILE_DIR_PATH}/Podfile.lock\" \"${PODS_ROOT}/Manifest.lock\" > /dev/null\nif [ $? != 0 ] ; then\n    # print error to STDERR\n    echo \"error: The sandbox is not in sync with the Podfile.lock. Run 'pod install' or update your CocoaPods installation.\" >&2\n    exit 1\nfi\n# This output is used by Xcode 'outputs' to avoid re-running this script phase.\necho \"SUCCESS\" > \"${SCRIPT_OUTPUT_FILE_0}\"\n";
			showEnvVarsInLog = 0;
		};
		DC0466F7EF5EEC01C5B2C11E /* [CP] Embed Pods Frameworks */ = {
			isa = PBXShellScriptBuildPhase;
			buildActionMask = 2147483647;
			files = (
			);
			inputPaths = (
				"${SRCROOT}/Pods/Target Support Files/Pods-XYSdkSample/Pods-XYSdkSample-frameworks.sh",
				"${BUILT_PRODUCTS_DIR}/PromisesObjC/FBLPromises.framework",
				"${BUILT_PRODUCTS_DIR}/PromisesSwift/Promises.framework",
			);
			name = "[CP] Embed Pods Frameworks";
			outputPaths = (
				"${TARGET_BUILD_DIR}/${FRAMEWORKS_FOLDER_PATH}/FBLPromises.framework",
				"${TARGET_BUILD_DIR}/${FRAMEWORKS_FOLDER_PATH}/Promises.framework",
			);
			runOnlyForDeploymentPostprocessing = 0;
			shellPath = /bin/sh;
			shellScript = "\"${SRCROOT}/Pods/Target Support Files/Pods-XYSdkSample/Pods-XYSdkSample-frameworks.sh\"\n";
			showEnvVarsInLog = 0;
		};
/* End PBXShellScriptBuildPhase section */

/* Begin PBXSourcesBuildPhase section */
		31272E4D2141F8A8001F09A6 /* Sources */ = {
			isa = PBXSourcesBuildPhase;
			buildActionMask = 2147483647;
			files = (
				31272E572141F8A8001F09A6 /* ViewController.swift in Sources */,
				310B6CDD215316D6007FADD2 /* TxPowerService.swift in Sources */,
				319173612142008400A40B55 /* XYCentral.swift in Sources */,
				311B7483214318E2009412FD /* XYFinderDevice.swift in Sources */,
				31BD926021558135007B0AD6 /* PromiseTester.swift in Sources */,
				311B748E21432B3B009412FD /* XYIBeaconDefinition.swift in Sources */,
				311B7480214306E1009412FD /* XYLocation.swift in Sources */,
				311B749221434587009412FD /* Array+extensions.swift in Sources */,
				311B74A121498AC3009412FD /* GattClient.swift in Sources */,
				311B748A214321A9009412FD /* XY4BluetoothDevice.swift in Sources */,
				3111F6FD215309F8001D76C1 /* ActionResultViewController.swift in Sources */,
				312C55DB2149DAD30016F4F9 /* DeviceInformationService.swift in Sources */,
				310B6CDF2153177F007FADD2 /* GenericAccessService.swift in Sources */,
				318BEB452142EBF1000580D1 /* ServiceCharacteristic.swift in Sources */,
				312C55DE214B2DDE0016F4F9 /* XYBluetoothResult.swift in Sources */,
				31177F822159AA2700F1494C /* XYBluetoothError.swift in Sources */,
				311B74902143356E009412FD /* XYFinderDeviceFactory.swift in Sources */,
				310B6CDA21531154007FADD2 /* ActionResultTableViewCell.swift in Sources */,
				312C55E0214C2F100016F4F9 /* BatteryService.swift in Sources */,
				311B749721472674009412FD /* XYBluetoothDevice.swift in Sources */,
				311B748821431EA0009412FD /* XYConstants.swift in Sources */,
				31272E552141F8A8001F09A6 /* AppDelegate.swift in Sources */,
				318BEB482142EED5000580D1 /* PrimaryService.swift in Sources */,
				318BEB422142DE0C000580D1 /* Dispatch+extensions.swift in Sources */,
				311B74952146F22A009412FD /* XYSmartScan.swift in Sources */,
				311B749A21474092009412FD /* XYLocationCoordinate2D.swift in Sources */,
				311B748C21432388009412FD /* XYFinderDeviceFamily.swift in Sources */,
			);
			runOnlyForDeploymentPostprocessing = 0;
		};
		31272E612141F8AA001F09A6 /* Sources */ = {
			isa = PBXSourcesBuildPhase;
			buildActionMask = 2147483647;
			files = (
				31272E6A2141F8AA001F09A6 /* XYSdkSampleTests.swift in Sources */,
			);
			runOnlyForDeploymentPostprocessing = 0;
		};
/* End PBXSourcesBuildPhase section */

/* Begin PBXTargetDependency section */
		31272E672141F8AA001F09A6 /* PBXTargetDependency */ = {
			isa = PBXTargetDependency;
			target = 31272E502141F8A8001F09A6 /* XYSdkSample */;
			targetProxy = 31272E662141F8AA001F09A6 /* PBXContainerItemProxy */;
		};
/* End PBXTargetDependency section */

/* Begin PBXVariantGroup section */
		31272E582141F8A8001F09A6 /* Main.storyboard */ = {
			isa = PBXVariantGroup;
			children = (
				31272E592141F8A8001F09A6 /* Base */,
			);
			name = Main.storyboard;
			sourceTree = "<group>";
		};
		31272E5D2141F8AA001F09A6 /* LaunchScreen.storyboard */ = {
			isa = PBXVariantGroup;
			children = (
				31272E5E2141F8AA001F09A6 /* Base */,
			);
			name = LaunchScreen.storyboard;
			sourceTree = "<group>";
		};
/* End PBXVariantGroup section */

/* Begin XCBuildConfiguration section */
		31272E6C2141F8AA001F09A6 /* Debug */ = {
			isa = XCBuildConfiguration;
			buildSettings = {
				ALWAYS_SEARCH_USER_PATHS = NO;
				CLANG_ANALYZER_NONNULL = YES;
				CLANG_ANALYZER_NUMBER_OBJECT_CONVERSION = YES_AGGRESSIVE;
				CLANG_CXX_LANGUAGE_STANDARD = "gnu++14";
				CLANG_CXX_LIBRARY = "libc++";
				CLANG_ENABLE_MODULES = YES;
				CLANG_ENABLE_OBJC_ARC = YES;
				CLANG_ENABLE_OBJC_WEAK = YES;
				CLANG_WARN_BLOCK_CAPTURE_AUTORELEASING = YES;
				CLANG_WARN_BOOL_CONVERSION = YES;
				CLANG_WARN_COMMA = YES;
				CLANG_WARN_CONSTANT_CONVERSION = YES;
				CLANG_WARN_DEPRECATED_OBJC_IMPLEMENTATIONS = YES;
				CLANG_WARN_DIRECT_OBJC_ISA_USAGE = YES_ERROR;
				CLANG_WARN_DOCUMENTATION_COMMENTS = YES;
				CLANG_WARN_EMPTY_BODY = YES;
				CLANG_WARN_ENUM_CONVERSION = YES;
				CLANG_WARN_INFINITE_RECURSION = YES;
				CLANG_WARN_INT_CONVERSION = YES;
				CLANG_WARN_NON_LITERAL_NULL_CONVERSION = YES;
				CLANG_WARN_OBJC_IMPLICIT_RETAIN_SELF = YES;
				CLANG_WARN_OBJC_LITERAL_CONVERSION = YES;
				CLANG_WARN_OBJC_ROOT_CLASS = YES_ERROR;
				CLANG_WARN_RANGE_LOOP_ANALYSIS = YES;
				CLANG_WARN_STRICT_PROTOTYPES = YES;
				CLANG_WARN_SUSPICIOUS_MOVE = YES;
				CLANG_WARN_UNGUARDED_AVAILABILITY = YES_AGGRESSIVE;
				CLANG_WARN_UNREACHABLE_CODE = YES;
				CLANG_WARN__DUPLICATE_METHOD_MATCH = YES;
				CODE_SIGN_IDENTITY = "iPhone Developer";
				COPY_PHASE_STRIP = NO;
				DEBUG_INFORMATION_FORMAT = dwarf;
				ENABLE_STRICT_OBJC_MSGSEND = YES;
				ENABLE_TESTABILITY = YES;
				GCC_C_LANGUAGE_STANDARD = gnu11;
				GCC_DYNAMIC_NO_PIC = NO;
				GCC_NO_COMMON_BLOCKS = YES;
				GCC_OPTIMIZATION_LEVEL = 0;
				GCC_PREPROCESSOR_DEFINITIONS = (
					"DEBUG=1",
					"$(inherited)",
				);
				GCC_WARN_64_TO_32_BIT_CONVERSION = YES;
				GCC_WARN_ABOUT_RETURN_TYPE = YES_ERROR;
				GCC_WARN_UNDECLARED_SELECTOR = YES;
				GCC_WARN_UNINITIALIZED_AUTOS = YES_AGGRESSIVE;
				GCC_WARN_UNUSED_FUNCTION = YES;
				GCC_WARN_UNUSED_VARIABLE = YES;
				IPHONEOS_DEPLOYMENT_TARGET = 11.4;
				MTL_ENABLE_DEBUG_INFO = YES;
				ONLY_ACTIVE_ARCH = YES;
				SDKROOT = iphoneos;
				SWIFT_ACTIVE_COMPILATION_CONDITIONS = DEBUG;
				SWIFT_OPTIMIZATION_LEVEL = "-Onone";
			};
			name = Debug;
		};
		31272E6D2141F8AA001F09A6 /* Release */ = {
			isa = XCBuildConfiguration;
			buildSettings = {
				ALWAYS_SEARCH_USER_PATHS = NO;
				CLANG_ANALYZER_NONNULL = YES;
				CLANG_ANALYZER_NUMBER_OBJECT_CONVERSION = YES_AGGRESSIVE;
				CLANG_CXX_LANGUAGE_STANDARD = "gnu++14";
				CLANG_CXX_LIBRARY = "libc++";
				CLANG_ENABLE_MODULES = YES;
				CLANG_ENABLE_OBJC_ARC = YES;
				CLANG_ENABLE_OBJC_WEAK = YES;
				CLANG_WARN_BLOCK_CAPTURE_AUTORELEASING = YES;
				CLANG_WARN_BOOL_CONVERSION = YES;
				CLANG_WARN_COMMA = YES;
				CLANG_WARN_CONSTANT_CONVERSION = YES;
				CLANG_WARN_DEPRECATED_OBJC_IMPLEMENTATIONS = YES;
				CLANG_WARN_DIRECT_OBJC_ISA_USAGE = YES_ERROR;
				CLANG_WARN_DOCUMENTATION_COMMENTS = YES;
				CLANG_WARN_EMPTY_BODY = YES;
				CLANG_WARN_ENUM_CONVERSION = YES;
				CLANG_WARN_INFINITE_RECURSION = YES;
				CLANG_WARN_INT_CONVERSION = YES;
				CLANG_WARN_NON_LITERAL_NULL_CONVERSION = YES;
				CLANG_WARN_OBJC_IMPLICIT_RETAIN_SELF = YES;
				CLANG_WARN_OBJC_LITERAL_CONVERSION = YES;
				CLANG_WARN_OBJC_ROOT_CLASS = YES_ERROR;
				CLANG_WARN_RANGE_LOOP_ANALYSIS = YES;
				CLANG_WARN_STRICT_PROTOTYPES = YES;
				CLANG_WARN_SUSPICIOUS_MOVE = YES;
				CLANG_WARN_UNGUARDED_AVAILABILITY = YES_AGGRESSIVE;
				CLANG_WARN_UNREACHABLE_CODE = YES;
				CLANG_WARN__DUPLICATE_METHOD_MATCH = YES;
				CODE_SIGN_IDENTITY = "iPhone Developer";
				COPY_PHASE_STRIP = NO;
				DEBUG_INFORMATION_FORMAT = "dwarf-with-dsym";
				ENABLE_NS_ASSERTIONS = NO;
				ENABLE_STRICT_OBJC_MSGSEND = YES;
				GCC_C_LANGUAGE_STANDARD = gnu11;
				GCC_NO_COMMON_BLOCKS = YES;
				GCC_WARN_64_TO_32_BIT_CONVERSION = YES;
				GCC_WARN_ABOUT_RETURN_TYPE = YES_ERROR;
				GCC_WARN_UNDECLARED_SELECTOR = YES;
				GCC_WARN_UNINITIALIZED_AUTOS = YES_AGGRESSIVE;
				GCC_WARN_UNUSED_FUNCTION = YES;
				GCC_WARN_UNUSED_VARIABLE = YES;
				IPHONEOS_DEPLOYMENT_TARGET = 11.4;
				MTL_ENABLE_DEBUG_INFO = NO;
				SDKROOT = iphoneos;
				SWIFT_COMPILATION_MODE = wholemodule;
				SWIFT_OPTIMIZATION_LEVEL = "-O";
				VALIDATE_PRODUCT = YES;
			};
			name = Release;
		};
		31272E6F2141F8AA001F09A6 /* Debug */ = {
			isa = XCBuildConfiguration;
			baseConfigurationReference = EE85D9400B87C03EE41A560B /* Pods-XYSdkSample.debug.xcconfig */;
			buildSettings = {
				ASSETCATALOG_COMPILER_APPICON_NAME = AppIcon;
				CODE_SIGN_STYLE = Automatic;
				DEVELOPMENT_TEAM = D2T26FL68U;
				INFOPLIST_FILE = XYSdkSample/Info.plist;
				LD_RUNPATH_SEARCH_PATHS = (
					"$(inherited)",
					"@executable_path/Frameworks",
				);
				PRODUCT_BUNDLE_IDENTIFIER = com.darren.xysdk.XYSdkSample;
				PRODUCT_NAME = "$(TARGET_NAME)";
				SWIFT_VERSION = 4.0;
				TARGETED_DEVICE_FAMILY = "1,2";
			};
			name = Debug;
		};
		31272E702141F8AA001F09A6 /* Release */ = {
			isa = XCBuildConfiguration;
			baseConfigurationReference = 4FBD8C70A696311253DC8D50 /* Pods-XYSdkSample.release.xcconfig */;
			buildSettings = {
				ASSETCATALOG_COMPILER_APPICON_NAME = AppIcon;
				CODE_SIGN_STYLE = Automatic;
				DEVELOPMENT_TEAM = D2T26FL68U;
				INFOPLIST_FILE = XYSdkSample/Info.plist;
				LD_RUNPATH_SEARCH_PATHS = (
					"$(inherited)",
					"@executable_path/Frameworks",
				);
				PRODUCT_BUNDLE_IDENTIFIER = com.darren.xysdk.XYSdkSample;
				PRODUCT_NAME = "$(TARGET_NAME)";
				SWIFT_VERSION = 4.0;
				TARGETED_DEVICE_FAMILY = "1,2";
			};
			name = Release;
		};
		31272E722141F8AA001F09A6 /* Debug */ = {
			isa = XCBuildConfiguration;
			buildSettings = {
				ALWAYS_EMBED_SWIFT_STANDARD_LIBRARIES = YES;
				BUNDLE_LOADER = "$(TEST_HOST)";
				CODE_SIGN_STYLE = Automatic;
				DEVELOPMENT_TEAM = D2T26FL68U;
				INFOPLIST_FILE = XYSdkSampleTests/Info.plist;
				LD_RUNPATH_SEARCH_PATHS = (
					"$(inherited)",
					"@executable_path/Frameworks",
					"@loader_path/Frameworks",
				);
				PRODUCT_BUNDLE_IDENTIFIER = com.darren.xysdk.XYSdkSampleTests;
				PRODUCT_NAME = "$(TARGET_NAME)";
				SWIFT_VERSION = 4.0;
				TARGETED_DEVICE_FAMILY = "1,2";
				TEST_HOST = "$(BUILT_PRODUCTS_DIR)/XYSdkSample.app/XYSdkSample";
			};
			name = Debug;
		};
		31272E732141F8AA001F09A6 /* Release */ = {
			isa = XCBuildConfiguration;
			buildSettings = {
				ALWAYS_EMBED_SWIFT_STANDARD_LIBRARIES = YES;
				BUNDLE_LOADER = "$(TEST_HOST)";
				CODE_SIGN_STYLE = Automatic;
				DEVELOPMENT_TEAM = D2T26FL68U;
				INFOPLIST_FILE = XYSdkSampleTests/Info.plist;
				LD_RUNPATH_SEARCH_PATHS = (
					"$(inherited)",
					"@executable_path/Frameworks",
					"@loader_path/Frameworks",
				);
				PRODUCT_BUNDLE_IDENTIFIER = com.darren.xysdk.XYSdkSampleTests;
				PRODUCT_NAME = "$(TARGET_NAME)";
				SWIFT_VERSION = 4.0;
				TARGETED_DEVICE_FAMILY = "1,2";
				TEST_HOST = "$(BUILT_PRODUCTS_DIR)/XYSdkSample.app/XYSdkSample";
			};
			name = Release;
		};
/* End XCBuildConfiguration section */

/* Begin XCConfigurationList section */
		31272E4C2141F8A8001F09A6 /* Build configuration list for PBXProject "XYSdkSample" */ = {
			isa = XCConfigurationList;
			buildConfigurations = (
				31272E6C2141F8AA001F09A6 /* Debug */,
				31272E6D2141F8AA001F09A6 /* Release */,
			);
			defaultConfigurationIsVisible = 0;
			defaultConfigurationName = Release;
		};
		31272E6E2141F8AA001F09A6 /* Build configuration list for PBXNativeTarget "XYSdkSample" */ = {
			isa = XCConfigurationList;
			buildConfigurations = (
				31272E6F2141F8AA001F09A6 /* Debug */,
				31272E702141F8AA001F09A6 /* Release */,
			);
			defaultConfigurationIsVisible = 0;
			defaultConfigurationName = Release;
		};
		31272E712141F8AA001F09A6 /* Build configuration list for PBXNativeTarget "XYSdkSampleTests" */ = {
			isa = XCConfigurationList;
			buildConfigurations = (
				31272E722141F8AA001F09A6 /* Debug */,
				31272E732141F8AA001F09A6 /* Release */,
			);
			defaultConfigurationIsVisible = 0;
			defaultConfigurationName = Release;
		};
/* End XCConfigurationList section */
	};
	rootObject = 31272E492141F8A8001F09A6 /* Project object */;
}
